
Microsoft Visual Studio Solution File, Format Version 12.00
# Visual Studio Version 16
VisualStudioVersion = 16.0.29709.97
MinimumVisualStudioVersion = 10.0.40219.1
Project("{9A19103F-16F7-4668-BE54-9A1E7A4F7556}") = "Workshop 1 Task 1", "Workshop 1 Task 1.csproj", "{C0003769-13F5-4B63-A712-08DB2194FAB7}"
EndProject
Global
	GlobalSection(SolutionConfigurationPlatforms) = preSolution
		Debug|Any CPU = Debug|Any CPU
		Release|Any CPU = Release|Any CPU
	EndGlobalSection
	GlobalSection(ProjectConfigurationPlatforms) = postSolution
		{C0003769-13F5-4B63-A712-08DB2194FAB7}.Debug|Any CPU.ActiveCfg = Debug|Any CPU
		{C0003769-13F5-4B63-A712-08DB2194FAB7}.Debug|Any CPU.Build.0 = Debug|Any CPU
		{C0003769-13F5-4B63-A712-08DB2194FAB7}.Release|Any CPU.ActiveCfg = Release|Any CPU
		{C0003769-13F5-4B63-A712-08DB2194FAB7}.Release|Any CPU.Build.0 = Release|Any CPU
	EndGlobalSection
	GlobalSection(SolutionProperties) = preSolution
		HideSolutionNode = FALSE
	EndGlobalSection
	GlobalSection(ExtensibilityGlobals) = postSolution
		SolutionGuid = {ADC2AE8F-D952-4493-B763-9E664CCC2333}
	EndGlobalSection
EndGlobal
