
Microsoft Visual Studio Solution File, Format Version 12.00
# Visual Studio Version 16
VisualStudioVersion = 16.0.29709.97
MinimumVisualStudioVersion = 10.0.40219.1
Project("{FAE04EC0-301F-11D3-BF4B-00C04F79EFBC}") = "Workshop 1 Task 2", "Workshop 1 Task 2.csproj", "{B9D28A24-831A-4D48-AB8F-837DEEFF2BE8}"
EndProject
Global
	GlobalSection(SolutionConfigurationPlatforms) = preSolution
		Debug|Any CPU = Debug|Any CPU
		Release|Any CPU = Release|Any CPU
	EndGlobalSection
	GlobalSection(ProjectConfigurationPlatforms) = postSolution
		{B9D28A24-831A-4D48-AB8F-837DEEFF2BE8}.Debug|Any CPU.ActiveCfg = Debug|Any CPU
		{B9D28A24-831A-4D48-AB8F-837DEEFF2BE8}.Debug|Any CPU.Build.0 = Debug|Any CPU
		{B9D28A24-831A-4D48-AB8F-837DEEFF2BE8}.Release|Any CPU.ActiveCfg = Release|Any CPU
		{B9D28A24-831A-4D48-AB8F-837DEEFF2BE8}.Release|Any CPU.Build.0 = Release|Any CPU
	EndGlobalSection
	GlobalSection(SolutionProperties) = preSolution
		HideSolutionNode = FALSE
	EndGlobalSection
	GlobalSection(ExtensibilityGlobals) = postSolution
		SolutionGuid = {2D0633B8-6615-403E-8314-9A878770EF23}
	EndGlobalSection
EndGlobal
